
Microsoft Visual Studio Solution File, Format Version 12.00
Project("{FAE04EC0-301F-11D3-BF4B-00C04F79EFBC}") = "OOMTest", "OOMTest\OOMTest.csproj", "{FF2DE4AB-B666-47F0-8E28-47CB2CA2D70B}"
EndProject
Global
	GlobalSection(SolutionConfigurationPlatforms) = preSolution
		Debug|Any CPU = Debug|Any CPU
		Release|Any CPU = Release|Any CPU
	EndGlobalSection
	GlobalSection(ProjectConfigurationPlatforms) = postSolution
		{FF2DE4AB-B666-47F0-8E28-47CB2CA2D70B}.Debug|Any CPU.ActiveCfg = Debug|Any CPU
		{FF2DE4AB-B666-47F0-8E28-47CB2CA2D70B}.Debug|Any CPU.Build.0 = Debug|Any CPU
		{FF2DE4AB-B666-47F0-8E28-47CB2CA2D70B}.Release|Any CPU.ActiveCfg = Release|Any CPU
		{FF2DE4AB-B666-47F0-8E28-47CB2CA2D70B}.Release|Any CPU.Build.0 = Release|Any CPU
	EndGlobalSection
EndGlobal
